
Microsoft Visual Studio Solution File, Format Version 12.00
Project("{FAE04EC0-301F-11D3-BF4B-00C04F79EFBC}") = "Lista9", "Lista9\Lista9.csproj", "{ED93FDDA-8E4F-456B-96C7-069E554D5EA8}"
EndProject
Global
	GlobalSection(SolutionConfigurationPlatforms) = preSolution
		Debug|Any CPU = Debug|Any CPU
		Release|Any CPU = Release|Any CPU
	EndGlobalSection
	GlobalSection(ProjectConfigurationPlatforms) = postSolution
		{ED93FDDA-8E4F-456B-96C7-069E554D5EA8}.Debug|Any CPU.ActiveCfg = Debug|Any CPU
		{ED93FDDA-8E4F-456B-96C7-069E554D5EA8}.Debug|Any CPU.Build.0 = Debug|Any CPU
		{ED93FDDA-8E4F-456B-96C7-069E554D5EA8}.Release|Any CPU.ActiveCfg = Release|Any CPU
		{ED93FDDA-8E4F-456B-96C7-069E554D5EA8}.Release|Any CPU.Build.0 = Release|Any CPU
	EndGlobalSection
EndGlobal
